// !$*UTF8*$!
{
	archiveVersion = 1;
	classes = {
	};
	objectVersion = 50;
	objects = {

/* Begin PBXBuildFile section */
		CC4B6FAB25A1F90B00EADEFA /* AppDelegate.swift in Sources */ = {isa = PBXBuildFile; fileRef = CC4B6FAA25A1F90B00EADEFA /* AppDelegate.swift */; };
		CC4B6FAD25A1F90B00EADEFA /* SceneDelegate.swift in Sources */ = {isa = PBXBuildFile; fileRef = CC4B6FAC25A1F90B00EADEFA /* SceneDelegate.swift */; };
		CC4B6FAF25A1F90B00EADEFA /* ViewController.swift in Sources */ = {isa = PBXBuildFile; fileRef = CC4B6FAE25A1F90B00EADEFA /* ViewController.swift */; };
		CC4B6FB225A1F90B00EADEFA /* Main.storyboard in Resources */ = {isa = PBXBuildFile; fileRef = CC4B6FB025A1F90B00EADEFA /* Main.storyboard */; };
		CC4B6FB425A1F90C00EADEFA /* Assets.xcassets in Resources */ = {isa = PBXBuildFile; fileRef = CC4B6FB325A1F90C00EADEFA /* Assets.xcassets */; };
		CC4B6FB725A1F90C00EADEFA /* LaunchScreen.storyboard in Resources */ = {isa = PBXBuildFile; fileRef = CC4B6FB525A1F90C00EADEFA /* LaunchScreen.storyboard */; };
		CC4B6FC225A1F90C00EADEFA /* PreworkTests.swift in Sources */ = {isa = PBXBuildFile; fileRef = CC4B6FC125A1F90C00EADEFA /* PreworkTests.swift */; };
		CC4B6FCD25A1F90C00EADEFA /* PreworkUITests.swift in Sources */ = {isa = PBXBuildFile; fileRef = CC4B6FCC25A1F90C00EADEFA /* PreworkUITests.swift */; };
/* End PBXBuildFile section */

/* Begin PBXContainerItemProxy section */
		CC4B6FBE25A1F90C00EADEFA /* PBXContainerItemProxy */ = {
			isa = PBXContainerItemProxy;
			containerPortal = CC4B6F9F25A1F90B00EADEFA /* Project object */;
			proxyType = 1;
			remoteGlobalIDString = CC4B6FA625A1F90B00EADEFA;
			remoteInfo = Prework;
		};
		CC4B6FC925A1F90C00EADEFA /* PBXContainerItemProxy */ = {
			isa = PBXContainerItemProxy;
			containerPortal = CC4B6F9F25A1F90B00EADEFA /* Project object */;
			proxyType = 1;
			remoteGlobalIDString = CC4B6FA625A1F90B00EADEFA;
			remoteInfo = Prework;
		};
/* End PBXContainerItemProxy section */

/* Begin PBXFileReference section */
		CC4B6FA725A1F90B00EADEFA /* Prework.app */ = {isa = PBXFileReference; explicitFileType = wrapper.application; includeInIndex = 0; path = Prework.app; sourceTree = BUILT_PRODUCTS_DIR; };
		CC4B6FAA25A1F90B00EADEFA /* AppDelegate.swift */ = {isa = PBXFileReference; lastKnownFileType = sourcecode.swift; path = AppDelegate.swift; sourceTree = "<group>"; };
		CC4B6FAC25A1F90B00EADEFA /* SceneDelegate.swift */ = {isa = PBXFileReference; lastKnownFileType = sourcecode.swift; path = SceneDelegate.swift; sourceTree = "<group>"; };
		CC4B6FAE25A1F90B00EADEFA /* ViewController.swift */ = {isa = PBXFileReference; lastKnownFileType = sourcecode.swift; path = ViewController.swift; sourceTree = "<group>"; };
		CC4B6FB125A1F90B00EADEFA /* Base */ = {isa = PBXFileReference; lastKnownFileType = file.storyboard; name = Base; path = Base.lproj/Main.storyboard; sourceTree = "<group>"; };
		CC4B6FB325A1F90C00EADEFA /* Assets.xcassets */ = {isa = PBXFileReference; lastKnownFileType = folder.assetcatalog; path = Assets.xcassets; sourceTree = "<group>"; };
		CC4B6FB625A1F90C00EADEFA /* Base */ = {isa = PBXFileReference; lastKnownFileType = file.storyboard; name = Base; path = Base.lproj/LaunchScreen.storyboard; sourceTree = "<group>"; };
		CC4B6FB825A1F90C00EADEFA /* Info.plist */ = {isa = PBXFileReference; lastKnownFileType = text.plist.xml; path = Info.plist; sourceTree = "<group>"; };
		CC4B6FBD25A1F90C00EADEFA /* PreworkTests.xctest */ = {isa = PBXFileReference; explicitFileType = wrapper.cfbundle; includeInIndex = 0; path = PreworkTests.xctest; sourceTree = BUILT_PRODUCTS_DIR; };
		CC4B6FC125A1F90C00EADEFA /* PreworkTests.swift */ = {isa = PBXFileReference; lastKnownFileType = sourcecode.swift; path = PreworkTests.swift; sourceTree = "<group>"; };
		CC4B6FC325A1F90C00EADEFA /* Info.plist */ = {isa = PBXFileReference; lastKnownFileType = text.plist.xml; path = Info.plist; sourceTree = "<group>"; };
		CC4B6FC825A1F90C00EADEFA /* PreworkUITests.xctest */ = {isa = PBXFileReference; explicitFileType = wrapper.cfbundle; includeInIndex = 0; path = PreworkUITests.xctest; sourceTree = BUILT_PRODUCTS_DIR; };
		CC4B6FCC25A1F90C00EADEFA /* PreworkUITests.swift */ = {isa = PBXFileReference; lastKnownFileType = sourcecode.swift; path = PreworkUITests.swift; sourceTree = "<group>"; };
		CC4B6FCE25A1F90C00EADEFA /* Info.plist */ = {isa = PBXFileReference; lastKnownFileType = text.plist.xml; path = Info.plist; sourceTree = "<group>"; };
/* End PBXFileReference section */

/* Begin PBXFrameworksBuildPhase section */
		CC4B6FA425A1F90B00EADEFA /* Frameworks */ = {
			isa = PBXFrameworksBuildPhase;
			buildActionMask = 2147483647;
			files = (
			);
			runOnlyForDeploymentPostprocessing = 0;
		};
		CC4B6FBA25A1F90C00EADEFA /* Frameworks */ = {
			isa = PBXFrameworksBuildPhase;
			buildActionMask = 2147483647;
			files = (
			);
			runOnlyForDeploymentPostprocessing = 0;
		};
		CC4B6FC525A1F90C00EADEFA /* Frameworks */ = {
			isa = PBXFrameworksBuildPhase;
			buildActionMask = 2147483647;
			files = (
			);
			runOnlyForDeploymentPostprocessing = 0;
		};
/* End PBXFrameworksBuildPhase section */

/* Begin PBXGroup section */
		CC4B6F9E25A1F90B00EADEFA = {
			isa = PBXGroup;
			children = (
				CC4B6FA925A1F90B00EADEFA /* Prework */,
				CC4B6FC025A1F90C00EADEFA /* PreworkTests */,
				CC4B6FCB25A1F90C00EADEFA /* PreworkUITests */,
				CC4B6FA825A1F90B00EADEFA /* Products */,
			);
			sourceTree = "<group>";
		};
		CC4B6FA825A1F90B00EADEFA /* Products */ = {
			isa = PBXGroup;
			children = (
				CC4B6FA725A1F90B00EADEFA /* Prework.app */,
				CC4B6FBD25A1F90C00EADEFA /* PreworkTests.xctest */,
				CC4B6FC825A1F90C00EADEFA /* PreworkUITests.xctest */,
			);
			name = Products;
			sourceTree = "<group>";
		};
		CC4B6FA925A1F90B00EADEFA /* Prework */ = {
			isa = PBXGroup;
			children = (
				CC4B6FAA25A1F90B00EADEFA /* AppDelegate.swift */,
				CC4B6FAC25A1F90B00EADEFA /* SceneDelegate.swift */,
				CC4B6FAE25A1F90B00EADEFA /* ViewController.swift */,
				CC4B6FB025A1F90B00EADEFA /* Main.storyboard */,
				CC4B6FB325A1F90C00EADEFA /* Assets.xcassets */,
				CC4B6FB525A1F90C00EADEFA /* LaunchScreen.storyboard */,
				CC4B6FB825A1F90C00EADEFA /* Info.plist */,
			);
			path = Prework;
			sourceTree = "<group>";
		};
		CC4B6FC025A1F90C00EADEFA /* PreworkTests */ = {
			isa = PBXGroup;
			children = (
				CC4B6FC125A1F90C00EADEFA /* PreworkTests.swift */,
				CC4B6FC325A1F90C00EADEFA /* Info.plist */,
			);
			path = PreworkTests;
			sourceTree = "<group>";
		};
		CC4B6FCB25A1F90C00EADEFA /* PreworkUITests */ = {
			isa = PBXGroup;
			children = (
				CC4B6FCC25A1F90C00EADEFA /* PreworkUITests.swift */,
				CC4B6FCE25A1F90C00EADEFA /* Info.plist */,
			);
			path = PreworkUITests;
			sourceTree = "<group>";
		};
/* End PBXGroup section */

/* Begin PBXNativeTarget section */
		CC4B6FA625A1F90B00EADEFA /* Prework */ = {
			isa = PBXNativeTarget;
			buildConfigurationList = CC4B6FD125A1F90C00EADEFA /* Build configuration list for PBXNativeTarget "Prework" */;
			buildPhases = (
				CC4B6FA325A1F90B00EADEFA /* Sources */,
				CC4B6FA425A1F90B00EADEFA /* Frameworks */,
				CC4B6FA525A1F90B00EADEFA /* Resources */,
			);
			buildRules = (
			);
			dependencies = (
			);
			name = Prework;
			productName = Prework;
			productReference = CC4B6FA725A1F90B00EADEFA /* Prework.app */;
			productType = "com.apple.product-type.application";
		};
		CC4B6FBC25A1F90C00EADEFA /* PreworkTests */ = {
			isa = PBXNativeTarget;
			buildConfigurationList = CC4B6FD425A1F90C00EADEFA /* Build configuration list for PBXNativeTarget "PreworkTests" */;
			buildPhases = (
				CC4B6FB925A1F90C00EADEFA /* Sources */,
				CC4B6FBA25A1F90C00EADEFA /* Frameworks */,
				CC4B6FBB25A1F90C00EADEFA /* Resources */,
			);
			buildRules = (
			);
			dependencies = (
				CC4B6FBF25A1F90C00EADEFA /* PBXTargetDependency */,
			);
			name = PreworkTests;
			productName = PreworkTests;
			productReference = CC4B6FBD25A1F90C00EADEFA /* PreworkTests.xctest */;
			productType = "com.apple.product-type.bundle.unit-test";
		};
		CC4B6FC725A1F90C00EADEFA /* PreworkUITests */ = {
			isa = PBXNativeTarget;
			buildConfigurationList = CC4B6FD725A1F90C00EADEFA /* Build configuration list for PBXNativeTarget "PreworkUITests" */;
			buildPhases = (
				CC4B6FC425A1F90C00EADEFA /* Sources */,
				CC4B6FC525A1F90C00EADEFA /* Frameworks */,
				CC4B6FC625A1F90C00EADEFA /* Resources */,
			);
			buildRules = (
			);
			dependencies = (
				CC4B6FCA25A1F90C00EADEFA /* PBXTargetDependency */,
			);
			name = PreworkUITests;
			productName = PreworkUITests;
			productReference = CC4B6FC825A1F90C00EADEFA /* PreworkUITests.xctest */;
			productType = "com.apple.product-type.bundle.ui-testing";
		};
/* End PBXNativeTarget section */

/* Begin PBXProject section */
		CC4B6F9F25A1F90B00EADEFA /* Project object */ = {
			isa = PBXProject;
			attributes = {
				LastSwiftUpdateCheck = 1230;
				LastUpgradeCheck = 1230;
				TargetAttributes = {
					CC4B6FA625A1F90B00EADEFA = {
						CreatedOnToolsVersion = 12.3;
					};
					CC4B6FBC25A1F90C00EADEFA = {
						CreatedOnToolsVersion = 12.3;
						TestTargetID = CC4B6FA625A1F90B00EADEFA;
					};
					CC4B6FC725A1F90C00EADEFA = {
						CreatedOnToolsVersion = 12.3;
						TestTargetID = CC4B6FA625A1F90B00EADEFA;
					};
				};
			};
			buildConfigurationList = CC4B6FA225A1F90B00EADEFA /* Build configuration list for PBXProject "Prework" */;
			compatibilityVersion = "Xcode 9.3";
			developmentRegion = en;
			hasScannedForEncodings = 0;
			knownRegions = (
				en,
				Base,
			);
			mainGroup = CC4B6F9E25A1F90B00EADEFA;
			productRefGroup = CC4B6FA825A1F90B00EADEFA /* Products */;
			projectDirPath = "";
			projectRoot = "";
			targets = (
				CC4B6FA625A1F90B00EADEFA /* Prework */,
				CC4B6FBC25A1F90C00EADEFA /* PreworkTests */,
				CC4B6FC725A1F90C00EADEFA /* PreworkUITests */,
			);
		};
/* End PBXProject section */

/* Begin PBXResourcesBuildPhase section */
		CC4B6FA525A1F90B00EADEFA /* Resources */ = {
			isa = PBXResourcesBuildPhase;
			buildActionMask = 2147483647;
			files = (
				CC4B6FB725A1F90C00EADEFA /* LaunchScreen.storyboard in Resources */,
				CC4B6FB425A1F90C00EADEFA /* Assets.xcassets in Resources */,
				CC4B6FB225A1F90B00EADEFA /* Main.storyboard in Resources */,
			);
			runOnlyForDeploymentPostprocessing = 0;
		};
		CC4B6FBB25A1F90C00EADEFA /* Resources */ = {
			isa = PBXResourcesBuildPhase;
			buildActionMask = 2147483647;
			files = (
			);
			runOnlyForDeploymentPostprocessing = 0;
		};
		CC4B6FC625A1F90C00EADEFA /* Resources */ = {
			isa = PBXResourcesBuildPhase;
			buildActionMask = 2147483647;
			files = (
			);
			runOnlyForDeploymentPostprocessing = 0;
		};
/* End PBXResourcesBuildPhase section */

/* Begin PBXSourcesBuildPhase section */
		CC4B6FA325A1F90B00EADEFA /* Sources */ = {
			isa = PBXSourcesBuildPhase;
			buildActionMask = 2147483647;
			files = (
				CC4B6FAF25A1F90B00EADEFA /* ViewController.swift in Sources */,
				CC4B6FAB25A1F90B00EADEFA /* AppDelegate.swift in Sources */,
				CC4B6FAD25A1F90B00EADEFA /* SceneDelegate.swift in Sources */,
			);
			runOnlyForDeploymentPostprocessing = 0;
		};
		CC4B6FB925A1F90C00EADEFA /* Sources */ = {
			isa = PBXSourcesBuildPhase;
			buildActionMask = 2147483647;
			files = (
				CC4B6FC225A1F90C00EADEFA /* PreworkTests.swift in Sources */,
			);
			runOnlyForDeploymentPostprocessing = 0;
		};
		CC4B6FC425A1F90C00EADEFA /* Sources */ = {
			isa = PBXSourcesBuildPhase;
			buildActionMask = 2147483647;
			files = (
				CC4B6FCD25A1F90C00EADEFA /* PreworkUITests.swift in Sources */,
			);
			runOnlyForDeploymentPostprocessing = 0;
		};
/* End PBXSourcesBuildPhase section */

/* Begin PBXTargetDependency section */
		CC4B6FBF25A1F90C00EADEFA /* PBXTargetDependency */ = {
			isa = PBXTargetDependency;
			target = CC4B6FA625A1F90B00EADEFA /* Prework */;
			targetProxy = CC4B6FBE25A1F90C00EADEFA /* PBXContainerItemProxy */;
		};
		CC4B6FCA25A1F90C00EADEFA /* PBXTargetDependency */ = {
			isa = PBXTargetDependency;
			target = CC4B6FA625A1F90B00EADEFA /* Prework */;
			targetProxy = CC4B6FC925A1F90C00EADEFA /* PBXContainerItemProxy */;
		};
/* End PBXTargetDependency section */

/* Begin PBXVariantGroup section */
		CC4B6FB025A1F90B00EADEFA /* Main.storyboard */ = {
			isa = PBXVariantGroup;
			children = (
				CC4B6FB125A1F90B00EADEFA /* Base */,
			);
			name = Main.storyboard;
			sourceTree = "<group>";
		};
		CC4B6FB525A1F90C00EADEFA /* LaunchScreen.storyboard */ = {
			isa = PBXVariantGroup;
			children = (
				CC4B6FB625A1F90C00EADEFA /* Base */,
			);
			name = LaunchScreen.storyboard;
			sourceTree = "<group>";
		};
/* End PBXVariantGroup section */

/* Begin XCBuildConfiguration section */
		CC4B6FCF25A1F90C00EADEFA /* Debug */ = {
			isa = XCBuildConfiguration;
			buildSettings = {
				ALWAYS_SEARCH_USER_PATHS = NO;
				CLANG_ANALYZER_NONNULL = YES;
				CLANG_ANALYZER_NUMBER_OBJECT_CONVERSION = YES_AGGRESSIVE;
				CLANG_CXX_LANGUAGE_STANDARD = "gnu++14";
				CLANG_CXX_LIBRARY = "libc++";
				CLANG_ENABLE_MODULES = YES;
				CLANG_ENABLE_OBJC_ARC = YES;
				CLANG_ENABLE_OBJC_WEAK = YES;
				CLANG_WARN_BLOCK_CAPTURE_AUTORELEASING = YES;
				CLANG_WARN_BOOL_CONVERSION = YES;
				CLANG_WARN_COMMA = YES;
				CLANG_WARN_CONSTANT_CONVERSION = YES;
				CLANG_WARN_DEPRECATED_OBJC_IMPLEMENTATIONS = YES;
				CLANG_WARN_DIRECT_OBJC_ISA_USAGE = YES_ERROR;
				CLANG_WARN_DOCUMENTATION_COMMENTS = YES;
				CLANG_WARN_EMPTY_BODY = YES;
				CLANG_WARN_ENUM_CONVERSION = YES;
				CLANG_WARN_INFINITE_RECURSION = YES;
				CLANG_WARN_INT_CONVERSION = YES;
				CLANG_WARN_NON_LITERAL_NULL_CONVERSION = YES;
				CLANG_WARN_OBJC_IMPLICIT_RETAIN_SELF = YES;
				CLANG_WARN_OBJC_LITERAL_CONVERSION = YES;
				CLANG_WARN_OBJC_ROOT_CLASS = YES_ERROR;
				CLANG_WARN_QUOTED_INCLUDE_IN_FRAMEWORK_HEADER = YES;
				CLANG_WARN_RANGE_LOOP_ANALYSIS = YES;
				CLANG_WARN_STRICT_PROTOTYPES = YES;
				CLANG_WARN_SUSPICIOUS_MOVE = YES;
				CLANG_WARN_UNGUARDED_AVAILABILITY = YES_AGGRESSIVE;
				CLANG_WARN_UNREACHABLE_CODE = YES;
				CLANG_WARN__DUPLICATE_METHOD_MATCH = YES;
				COPY_PHASE_STRIP = NO;
				DEBUG_INFORMATION_FORMAT = dwarf;
				ENABLE_STRICT_OBJC_MSGSEND = YES;
				ENABLE_TESTABILITY = YES;
				GCC_C_LANGUAGE_STANDARD = gnu11;
				GCC_DYNAMIC_NO_PIC = NO;
				GCC_NO_COMMON_BLOCKS = YES;
				GCC_OPTIMIZATION_LEVEL = 0;
				GCC_PREPROCESSOR_DEFINITIONS = (
					"DEBUG=1",
					"$(inherited)",
				);
				GCC_WARN_64_TO_32_BIT_CONVERSION = YES;
				GCC_WARN_ABOUT_RETURN_TYPE = YES_ERROR;
				GCC_WARN_UNDECLARED_SELECTOR = YES;
				GCC_WARN_UNINITIALIZED_AUTOS = YES_AGGRESSIVE;
				GCC_WARN_UNUSED_FUNCTION = YES;
				GCC_WARN_UNUSED_VARIABLE = YES;
				IPHONEOS_DEPLOYMENT_TARGET = 14.3;
				MTL_ENABLE_DEBUG_INFO = INCLUDE_SOURCE;
				MTL_FAST_MATH = YES;
				ONLY_ACTIVE_ARCH = YES;
				SDKROOT = iphoneos;
				SWIFT_ACTIVE_COMPILATION_CONDITIONS = DEBUG;
				SWIFT_OPTIMIZATION_LEVEL = "-Onone";
			};
			name = Debug;
		};
		CC4B6FD025A1F90C00EADEFA /* Release */ = {
			isa = XCBuildConfiguration;
			buildSettings = {
				ALWAYS_SEARCH_USER_PATHS = NO;
				CLANG_ANALYZER_NONNULL = YES;
				CLANG_ANALYZER_NUMBER_OBJECT_CONVERSION = YES_AGGRESSIVE;
				CLANG_CXX_LANGUAGE_STANDARD = "gnu++14";
				CLANG_CXX_LIBRARY = "libc++";
				CLANG_ENABLE_MODULES = YES;
				CLANG_ENABLE_OBJC_ARC = YES;
				CLANG_ENABLE_OBJC_WEAK = YES;
				CLANG_WARN_BLOCK_CAPTURE_AUTORELEASING = YES;
				CLANG_WARN_BOOL_CONVERSION = YES;
				CLANG_WARN_COMMA = YES;
				CLANG_WARN_CONSTANT_CONVERSION = YES;
				CLANG_WARN_DEPRECATED_OBJC_IMPLEMENTATIONS = YES;
				CLANG_WARN_DIRECT_OBJC_ISA_USAGE = YES_ERROR;
				CLANG_WARN_DOCUMENTATION_COMMENTS = YES;
				CLANG_WARN_EMPTY_BODY = YES;
				CLANG_WARN_ENUM_CONVERSION = YES;
				CLANG_WARN_INFINITE_RECURSION = YES;
				CLANG_WARN_INT_CONVERSION = YES;
				CLANG_WARN_NON_LITERAL_NULL_CONVERSION = YES;
				CLANG_WARN_OBJC_IMPLICIT_RETAIN_SELF = YES;
				CLANG_WARN_OBJC_LITERAL_CONVERSION = YES;
				CLANG_WARN_OBJC_ROOT_CLASS = YES_ERROR;
				CLANG_WARN_QUOTED_INCLUDE_IN_FRAMEWORK_HEADER = YES;
				CLANG_WARN_RANGE_LOOP_ANALYSIS = YES;
				CLANG_WARN_STRICT_PROTOTYPES = YES;
				CLANG_WARN_SUSPICIOUS_MOVE = YES;
				CLANG_WARN_UNGUARDED_AVAILABILITY = YES_AGGRESSIVE;
				CLANG_WARN_UNREACHABLE_CODE = YES;
				CLANG_WARN__DUPLICATE_METHOD_MATCH = YES;
				COPY_PHASE_STRIP = NO;
				DEBUG_INFORMATION_FORMAT = "dwarf-with-dsym";
				ENABLE_NS_ASSERTIONS = NO;
				ENABLE_STRICT_OBJC_MSGSEND = YES;
				GCC_C_LANGUAGE_STANDARD = gnu11;
				GCC_NO_COMMON_BLOCKS = YES;
				GCC_WARN_64_TO_32_BIT_CONVERSION = YES;
				GCC_WARN_ABOUT_RETURN_TYPE = YES_ERROR;
				GCC_WARN_UNDECLARED_SELECTOR = YES;
				GCC_WARN_UNINITIALIZED_AUTOS = YES_AGGRESSIVE;
				GCC_WARN_UNUSED_FUNCTION = YES;
				GCC_WARN_UNUSED_VARIABLE = YES;
				IPHONEOS_DEPLOYMENT_TARGET = 14.3;
				MTL_ENABLE_DEBUG_INFO = NO;
				MTL_FAST_MATH = YES;
				SDKROOT = iphoneos;
				SWIFT_COMPILATION_MODE = wholemodule;
				SWIFT_OPTIMIZATION_LEVEL = "-O";
				VALIDATE_PRODUCT = YES;
			};
			name = Release;
		};
		CC4B6FD225A1F90C00EADEFA /* Debug */ = {
			isa = XCBuildConfiguration;
			buildSettings = {
				ASSETCATALOG_COMPILER_APPICON_NAME = AppIcon;
				ASSETCATALOG_COMPILER_GLOBAL_ACCENT_COLOR_NAME = AccentColor;
				CODE_SIGN_STYLE = Automatic;
				INFOPLIST_FILE = Prework/Info.plist;
				LD_RUNPATH_SEARCH_PATHS = (
					"$(inherited)",
					"@executable_path/Frameworks",
				);
				PRODUCT_BUNDLE_IDENTIFIER = memo.com.Prework;
				PRODUCT_NAME = "$(TARGET_NAME)";
				SWIFT_VERSION = 5.0;
				TARGETED_DEVICE_FAMILY = "1,2";
			};
			name = Debug;
		};
		CC4B6FD325A1F90C00EADEFA /* Release */ = {
			isa = XCBuildConfiguration;
			buildSettings = {
				ASSETCATALOG_COMPILER_APPICON_NAME = AppIcon;
				ASSETCATALOG_COMPILER_GLOBAL_ACCENT_COLOR_NAME = AccentColor;
				CODE_SIGN_STYLE = Automatic;
				INFOPLIST_FILE = Prework/Info.plist;
				LD_RUNPATH_SEARCH_PATHS = (
					"$(inherited)",
					"@executable_path/Frameworks",
				);
				PRODUCT_BUNDLE_IDENTIFIER = memo.com.Prework;
				PRODUCT_NAME = "$(TARGET_NAME)";
				SWIFT_VERSION = 5.0;
				TARGETED_DEVICE_FAMILY = "1,2";
			};
			name = Release;
		};
		CC4B6FD525A1F90C00EADEFA /* Debug */ = {
			isa = XCBuildConfiguration;
			buildSettings = {
				ALWAYS_EMBED_SWIFT_STANDARD_LIBRARIES = YES;
				BUNDLE_LOADER = "$(TEST_HOST)";
				CODE_SIGN_STYLE = Automatic;
				INFOPLIST_FILE = PreworkTests/Info.plist;
				IPHONEOS_DEPLOYMENT_TARGET = 14.3;
				LD_RUNPATH_SEARCH_PATHS = (
					"$(inherited)",
					"@executable_path/Frameworks",
					"@loader_path/Frameworks",
				);
				PRODUCT_BUNDLE_IDENTIFIER = memo.com.PreworkTests;
				PRODUCT_NAME = "$(TARGET_NAME)";
				SWIFT_VERSION = 5.0;
				TARGETED_DEVICE_FAMILY = "1,2";
				TEST_HOST = "$(BUILT_PRODUCTS_DIR)/Prework.app/Prework";
			};
			name = Debug;
		};
		CC4B6FD625A1F90C00EADEFA /* Release */ = {
			isa = XCBuildConfiguration;
			buildSettings = {
				ALWAYS_EMBED_SWIFT_STANDARD_LIBRARIES = YES;
				BUNDLE_LOADER = "$(TEST_HOST)";
				CODE_SIGN_STYLE = Automatic;
				INFOPLIST_FILE = PreworkTests/Info.plist;
				IPHONEOS_DEPLOYMENT_TARGET = 14.3;
				LD_RUNPATH_SEARCH_PATHS = (
					"$(inherited)",
					"@executable_path/Frameworks",
					"@loader_path/Frameworks",
				);
				PRODUCT_BUNDLE_IDENTIFIER = memo.com.PreworkTests;
				PRODUCT_NAME = "$(TARGET_NAME)";
				SWIFT_VERSION = 5.0;
				TARGETED_DEVICE_FAMILY = "1,2";
				TEST_HOST = "$(BUILT_PRODUCTS_DIR)/Prework.app/Prework";
			};
			name = Release;
		};
		CC4B6FD825A1F90C00EADEFA /* Debug */ = {
			isa = XCBuildConfiguration;
			buildSettings = {
				ALWAYS_EMBED_SWIFT_STANDARD_LIBRARIES = YES;
				CODE_SIGN_STYLE = Automatic;
				INFOPLIST_FILE = PreworkUITests/Info.plist;
				LD_RUNPATH_SEARCH_PATHS = (
					"$(inherited)",
					"@executable_path/Frameworks",
					"@loader_path/Frameworks",
				);
				PRODUCT_BUNDLE_IDENTIFIER = memo.com.PreworkUITests;
				PRODUCT_NAME = "$(TARGET_NAME)";
				SWIFT_VERSION = 5.0;
				TARGETED_DEVICE_FAMILY = "1,2";
				TEST_TARGET_NAME = Prework;
			};
			name = Debug;
		};
		CC4B6FD925A1F90C00EADEFA /* Release */ = {
			isa = XCBuildConfiguration;
			buildSettings = {
				ALWAYS_EMBED_SWIFT_STANDARD_LIBRARIES = YES;
				CODE_SIGN_STYLE = Automatic;
				INFOPLIST_FILE = PreworkUITests/Info.plist;
				LD_RUNPATH_SEARCH_PATHS = (
					"$(inherited)",
					"@executable_path/Frameworks",
					"@loader_path/Frameworks",
				);
				PRODUCT_BUNDLE_IDENTIFIER = memo.com.PreworkUITests;
				PRODUCT_NAME = "$(TARGET_NAME)";
				SWIFT_VERSION = 5.0;
				TARGETED_DEVICE_FAMILY = "1,2";
				TEST_TARGET_NAME = Prework;
			};
			name = Release;
		};
/* End XCBuildConfiguration section */

/* Begin XCConfigurationList section */
		CC4B6FA225A1F90B00EADEFA /* Build configuration list for PBXProject "Prework" */ = {
			isa = XCConfigurationList;
			buildConfigurations = (
				CC4B6FCF25A1F90C00EADEFA /* Debug */,
				CC4B6FD025A1F90C00EADEFA /* Release */,
			);
			defaultConfigurationIsVisible = 0;
			defaultConfigurationName = Release;
		};
		CC4B6FD125A1F90C00EADEFA /* Build configuration list for PBXNativeTarget "Prework" */ = {
			isa = XCConfigurationList;
			buildConfigurations = (
				CC4B6FD225A1F90C00EADEFA /* Debug */,
				CC4B6FD325A1F90C00EADEFA /* Release */,
			);
			defaultConfigurationIsVisible = 0;
			defaultConfigurationName = Release;
		};
		CC4B6FD425A1F90C00EADEFA /* Build configuration list for PBXNativeTarget "PreworkTests" */ = {
			isa = XCConfigurationList;
			buildConfigurations = (
				CC4B6FD525A1F90C00EADEFA /* Debug */,
				CC4B6FD625A1F90C00EADEFA /* Release */,
			);
			defaultConfigurationIsVisible = 0;
			defaultConfigurationName = Release;
		};
		CC4B6FD725A1F90C00EADEFA /* Build configuration list for PBXNativeTarget "PreworkUITests" */ = {
			isa = XCConfigurationList;
			buildConfigurations = (
				CC4B6FD825A1F90C00EADEFA /* Debug */,
				CC4B6FD925A1F90C00EADEFA /* Release */,
			);
			defaultConfigurationIsVisible = 0;
			defaultConfigurationName = Release;
		};
/* End XCConfigurationList section */
	};
	rootObject = CC4B6F9F25A1F90B00EADEFA /* Project object */;
}
